
Microsoft Visual Studio Solution File, Format Version 12.00
# Visual Studio Version 17
VisualStudioVersion = 17.4.33205.214
MinimumVisualStudioVersion = 10.0.40219.1
Project("{FAE04EC0-301F-11D3-BF4B-00C04F79EFBC}") = "DemoMVC", "DemoMVC.csproj", "{183ABBBD-29CB-4A0F-9514-25D89CBD9231}"
EndProject
Global
	GlobalSection(SolutionConfigurationPlatforms) = preSolution
		Debug|Any CPU = Debug|Any CPU
		Release|Any CPU = Release|Any CPU
	EndGlobalSection
	GlobalSection(ProjectConfigurationPlatforms) = postSolution
		{183ABBBD-29CB-4A0F-9514-25D89CBD9231}.Debug|Any CPU.ActiveCfg = Debug|Any CPU
		{183ABBBD-29CB-4A0F-9514-25D89CBD9231}.Debug|Any CPU.Build.0 = Debug|Any CPU
		{183ABBBD-29CB-4A0F-9514-25D89CBD9231}.Release|Any CPU.ActiveCfg = Release|Any CPU
		{183ABBBD-29CB-4A0F-9514-25D89CBD9231}.Release|Any CPU.Build.0 = Release|Any CPU
	EndGlobalSection
	GlobalSection(SolutionProperties) = preSolution
		HideSolutionNode = FALSE
	EndGlobalSection
	GlobalSection(ExtensibilityGlobals) = postSolution
		SolutionGuid = {F6CA6F36-20B1-4621-900E-3A2D82164370}
	EndGlobalSection
EndGlobal
